
Microsoft Visual Studio Solution File, Format Version 11.00
# Visual Studio 2010
Project("{E24C65DC-7377-472B-9ABA-BC803B73C61A}") = "DCInfo", "DCInfoWebSite\", "{99431A2F-D758-40AB-AA93-1BA183825C34}"
	ProjectSection(WebsiteProperties) = preProject
		TargetFrameworkMoniker = ".NETFramework,Version%3Dv4.0"
		Debug.AspNetCompiler.VirtualPath = "/DCInfo"
		Debug.AspNetCompiler.PhysicalPath = "DCInfoWebSite\"
		Debug.AspNetCompiler.TargetPath = "PrecompiledWeb\DCInfo\"
		Debug.AspNetCompiler.Updateable = "true"
		Debug.AspNetCompiler.ForceOverwrite = "true"
		Debug.AspNetCompiler.FixedNames = "false"
		Debug.AspNetCompiler.Debug = "True"
		Release.AspNetCompiler.VirtualPath = "/DCInfo"
		Release.AspNetCompiler.PhysicalPath = "DCInfoWebSite"
		Release.AspNetCompiler.TargetPath = "PrecompiledWeb\DCInfo\"
		Release.AspNetCompiler.Updateable = "true"
		Release.AspNetCompiler.ForceOverwrite = "true"
		Release.AspNetCompiler.FixedNames = "false"
		Release.AspNetCompiler.Debug = "False"
		VWDPort = "6599"
		DefaultWebSiteLanguage = "Visual C#"
	EndProjectSection
EndProject
Global
	GlobalSection(SolutionConfigurationPlatforms) = preSolution
		Debug|Any CPU = Debug|Any CPU
		Release|Any CPU = Release|Any CPU
	EndGlobalSection
	GlobalSection(ProjectConfigurationPlatforms) = postSolution
		{99431A2F-D758-40AB-AA93-1BA183825C34}.Debug|Any CPU.ActiveCfg = Debug|Any CPU
		{99431A2F-D758-40AB-AA93-1BA183825C34}.Debug|Any CPU.Build.0 = Debug|Any CPU
		{99431A2F-D758-40AB-AA93-1BA183825C34}.Release|Any CPU.ActiveCfg = Debug|Any CPU
		{99431A2F-D758-40AB-AA93-1BA183825C34}.Release|Any CPU.Build.0 = Debug|Any CPU
	EndGlobalSection
	GlobalSection(SolutionProperties) = preSolution
		HideSolutionNode = FALSE
	EndGlobalSection
EndGlobal
